// !$*UTF8*$!
{
	archiveVersion = 1;
	classes = {
	};
	objectVersion = 46;
	objects = {

/* Begin PBXBuildFile section */
		A7D0D2C11DD07EE30088E04A /* main.swift in Sources */ = {isa = PBXBuildFile; fileRef = A7D0D2B01DD07E190088E04A /* main.swift */; };
		A7D0D2C21DD07EE60088E04A /* POEditor.swift in Sources */ = {isa = PBXBuildFile; fileRef = A7D0D2AA1DD07E190088E04A /* POEditor.swift */; };
		A7D0D2C31DD07EE60088E04A /* URLRequest+WebService.swift in Sources */ = {isa = PBXBuildFile; fileRef = A7D0D2AB1DD07E190088E04A /* URLRequest+WebService.swift */; };
		A7D0D2C41DD07EE60088E04A /* URLSession+WebService.swift in Sources */ = {isa = PBXBuildFile; fileRef = A7D0D2AC1DD07E190088E04A /* URLSession+WebService.swift */; };
		A7D0D2C51DD07EE60088E04A /* WebService.swift in Sources */ = {isa = PBXBuildFile; fileRef = A7D0D2AD1DD07E190088E04A /* WebService.swift */; };
		A7D0D3221DD1C8B70088E04A /* Translation.swift in Sources */ = {isa = PBXBuildFile; fileRef = A7D0D3211DD1C8B70088E04A /* Translation.swift */; };
		A7D0D3241DD1CFC50088E04A /* Settings.swift in Sources */ = {isa = PBXBuildFile; fileRef = A7D0D3231DD1CFC50088E04A /* Settings.swift */; };
		A7D0D3261DD1E5240088E04A /* Functions.swift in Sources */ = {isa = PBXBuildFile; fileRef = A7D0D3251DD1E5240088E04A /* Functions.swift */; };
/* End PBXBuildFile section */

/* Begin PBXCopyFilesBuildPhase section */
		A7D0D2B81DD07ECA0088E04A /* CopyFiles */ = {
			isa = PBXCopyFilesBuildPhase;
			buildActionMask = 2147483647;
			dstPath = /usr/share/man/man1/;
			dstSubfolderSpec = 0;
			files = (
			);
			runOnlyForDeploymentPostprocessing = 1;
		};
/* End PBXCopyFilesBuildPhase section */

/* Begin PBXFileReference section */
		A7D0D2AA1DD07E190088E04A /* POEditor.swift */ = {isa = PBXFileReference; fileEncoding = 4; lastKnownFileType = sourcecode.swift; path = POEditor.swift; sourceTree = "<group>"; };
		A7D0D2AB1DD07E190088E04A /* URLRequest+WebService.swift */ = {isa = PBXFileReference; fileEncoding = 4; lastKnownFileType = sourcecode.swift; path = "URLRequest+WebService.swift"; sourceTree = "<group>"; };
		A7D0D2AC1DD07E190088E04A /* URLSession+WebService.swift */ = {isa = PBXFileReference; fileEncoding = 4; lastKnownFileType = sourcecode.swift; path = "URLSession+WebService.swift"; sourceTree = "<group>"; };
		A7D0D2AD1DD07E190088E04A /* WebService.swift */ = {isa = PBXFileReference; fileEncoding = 4; lastKnownFileType = sourcecode.swift; path = WebService.swift; sourceTree = "<group>"; };
		A7D0D2B01DD07E190088E04A /* main.swift */ = {isa = PBXFileReference; fileEncoding = 4; lastKnownFileType = sourcecode.swift; path = main.swift; sourceTree = "<group>"; };
		A7D0D2BA1DD07ECA0088E04A /* poet */ = {isa = PBXFileReference; explicitFileType = "compiled.mach-o.executable"; includeInIndex = 0; path = poet; sourceTree = BUILT_PRODUCTS_DIR; };
		A7D0D3211DD1C8B70088E04A /* Translation.swift */ = {isa = PBXFileReference; fileEncoding = 4; lastKnownFileType = sourcecode.swift; path = Translation.swift; sourceTree = "<group>"; };
		A7D0D3231DD1CFC50088E04A /* Settings.swift */ = {isa = PBXFileReference; fileEncoding = 4; lastKnownFileType = sourcecode.swift; path = Settings.swift; sourceTree = "<group>"; };
		A7D0D3251DD1E5240088E04A /* Functions.swift */ = {isa = PBXFileReference; fileEncoding = 4; lastKnownFileType = sourcecode.swift; path = Functions.swift; sourceTree = "<group>"; };
/* End PBXFileReference section */

/* Begin PBXFrameworksBuildPhase section */
		A7D0D2B71DD07ECA0088E04A /* Frameworks */ = {
			isa = PBXFrameworksBuildPhase;
			buildActionMask = 2147483647;
			files = (
			);
			runOnlyForDeploymentPostprocessing = 0;
		};
/* End PBXFrameworksBuildPhase section */

/* Begin PBXGroup section */
		A790D68C1DCDF35F0060C52B = {
			isa = PBXGroup;
			children = (
				A7D0D2A81DD07E190088E04A /* POEditorAPI */,
				A7D0D2AE1DD07E190088E04A /* Tool */,
				A790D6961DCDF35F0060C52B /* Products */,
			);
			sourceTree = "<group>";
		};
		A790D6961DCDF35F0060C52B /* Products */ = {
			isa = PBXGroup;
			children = (
				A7D0D2BA1DD07ECA0088E04A /* poet */,
			);
			name = Products;
			sourceTree = "<group>";
		};
		A7D0D2A81DD07E190088E04A /* POEditorAPI */ = {
			isa = PBXGroup;
			children = (
				A7D0D2A91DD07E190088E04A /* Source */,
			);
			path = POEditorAPI;
			sourceTree = "<group>";
		};
		A7D0D2A91DD07E190088E04A /* Source */ = {
			isa = PBXGroup;
			children = (
				A7D0D2AA1DD07E190088E04A /* POEditor.swift */,
				A7D0D2AB1DD07E190088E04A /* URLRequest+WebService.swift */,
				A7D0D2AC1DD07E190088E04A /* URLSession+WebService.swift */,
				A7D0D2AD1DD07E190088E04A /* WebService.swift */,
			);
			path = Source;
			sourceTree = "<group>";
		};
		A7D0D2AE1DD07E190088E04A /* Tool */ = {
			isa = PBXGroup;
			children = (
				A7D0D2AF1DD07E190088E04A /* Source */,
			);
			path = Tool;
			sourceTree = "<group>";
		};
		A7D0D2AF1DD07E190088E04A /* Source */ = {
			isa = PBXGroup;
			children = (
				A7D0D2B01DD07E190088E04A /* main.swift */,
				A7D0D3211DD1C8B70088E04A /* Translation.swift */,
				A7D0D3231DD1CFC50088E04A /* Settings.swift */,
				A7D0D3251DD1E5240088E04A /* Functions.swift */,
			);
			path = Source;
			sourceTree = "<group>";
		};
/* End PBXGroup section */

/* Begin PBXNativeTarget section */
		A7D0D2B91DD07ECA0088E04A /* Tool */ = {
			isa = PBXNativeTarget;
			buildConfigurationList = A7D0D2BE1DD07ECA0088E04A /* Build configuration list for PBXNativeTarget "Tool" */;
			buildPhases = (
				A7D0D2B61DD07ECA0088E04A /* Sources */,
				A7D0D2B71DD07ECA0088E04A /* Frameworks */,
				A7D0D2B81DD07ECA0088E04A /* CopyFiles */,
			);
			buildRules = (
			);
			dependencies = (
			);
			name = Tool;
			productName = Tool;
			productReference = A7D0D2BA1DD07ECA0088E04A /* poet */;
			productType = "com.apple.product-type.tool";
		};
/* End PBXNativeTarget section */

/* Begin PBXProject section */
		A790D68D1DCDF35F0060C52B /* Project object */ = {
			isa = PBXProject;
			attributes = {
				LastSwiftUpdateCheck = 0810;
				LastUpgradeCheck = 0810;
				ORGANIZATIONNAME = Cocoanetics;
				TargetAttributes = {
					A7D0D2B91DD07ECA0088E04A = {
						CreatedOnToolsVersion = 8.1;
						DevelopmentTeam = Z7L2YCUH45;
						ProvisioningStyle = Automatic;
					};
				};
			};
			buildConfigurationList = A790D6901DCDF35F0060C52B /* Build configuration list for PBXProject "POET" */;
			compatibilityVersion = "Xcode 3.2";
			developmentRegion = English;
			hasScannedForEncodings = 0;
			knownRegions = (
				en,
			);
			mainGroup = A790D68C1DCDF35F0060C52B;
			productRefGroup = A790D6961DCDF35F0060C52B /* Products */;
			projectDirPath = "";
			projectRoot = "";
			targets = (
				A7D0D2B91DD07ECA0088E04A /* Tool */,
			);
		};
/* End PBXProject section */

/* Begin PBXSourcesBuildPhase section */
		A7D0D2B61DD07ECA0088E04A /* Sources */ = {
			isa = PBXSourcesBuildPhase;
			buildActionMask = 2147483647;
			files = (
				A7D0D2C51DD07EE60088E04A /* WebService.swift in Sources */,
				A7D0D2C31DD07EE60088E04A /* URLRequest+WebService.swift in Sources */,
				A7D0D2C21DD07EE60088E04A /* POEditor.swift in Sources */,
				A7D0D3261DD1E5240088E04A /* Functions.swift in Sources */,
				A7D0D2C11DD07EE30088E04A /* main.swift in Sources */,
				A7D0D3241DD1CFC50088E04A /* Settings.swift in Sources */,
				A7D0D2C41DD07EE60088E04A /* URLSession+WebService.swift in Sources */,
				A7D0D3221DD1C8B70088E04A /* Translation.swift in Sources */,
			);
			runOnlyForDeploymentPostprocessing = 0;
		};
/* End PBXSourcesBuildPhase section */

/* Begin XCBuildConfiguration section */
		A790D69A1DCDF35F0060C52B /* Debug */ = {
			isa = XCBuildConfiguration;
			buildSettings = {
				ALWAYS_SEARCH_USER_PATHS = NO;
				CLANG_ANALYZER_NONNULL = YES;
				CLANG_CXX_LANGUAGE_STANDARD = "gnu++0x";
				CLANG_CXX_LIBRARY = "libc++";
				CLANG_ENABLE_MODULES = YES;
				CLANG_ENABLE_OBJC_ARC = YES;
				CLANG_WARN_BOOL_CONVERSION = YES;
				CLANG_WARN_CONSTANT_CONVERSION = YES;
				CLANG_WARN_DIRECT_OBJC_ISA_USAGE = YES_ERROR;
				CLANG_WARN_DOCUMENTATION_COMMENTS = YES;
				CLANG_WARN_EMPTY_BODY = YES;
				CLANG_WARN_ENUM_CONVERSION = YES;
				CLANG_WARN_INFINITE_RECURSION = YES;
				CLANG_WARN_INT_CONVERSION = YES;
				CLANG_WARN_OBJC_ROOT_CLASS = YES_ERROR;
				CLANG_WARN_SUSPICIOUS_MOVES = YES;
				CLANG_WARN_UNREACHABLE_CODE = YES;
				CLANG_WARN__DUPLICATE_METHOD_MATCH = YES;
				CODE_SIGN_IDENTITY = "-";
				COPY_PHASE_STRIP = NO;
				DEBUG_INFORMATION_FORMAT = dwarf;
				ENABLE_STRICT_OBJC_MSGSEND = YES;
				ENABLE_TESTABILITY = YES;
				GCC_C_LANGUAGE_STANDARD = gnu99;
				GCC_DYNAMIC_NO_PIC = NO;
				GCC_NO_COMMON_BLOCKS = YES;
				GCC_OPTIMIZATION_LEVEL = 0;
				GCC_PREPROCESSOR_DEFINITIONS = (
					"DEBUG=1",
					"$(inherited)",
				);
				GCC_WARN_64_TO_32_BIT_CONVERSION = YES;
				GCC_WARN_ABOUT_RETURN_TYPE = YES_ERROR;
				GCC_WARN_UNDECLARED_SELECTOR = YES;
				GCC_WARN_UNINITIALIZED_AUTOS = YES_AGGRESSIVE;
				GCC_WARN_UNUSED_FUNCTION = YES;
				GCC_WARN_UNUSED_VARIABLE = YES;
				MACOSX_DEPLOYMENT_TARGET = 10.12;
				MTL_ENABLE_DEBUG_INFO = YES;
				ONLY_ACTIVE_ARCH = YES;
				SDKROOT = macosx;
				SWIFT_OPTIMIZATION_LEVEL = "-Onone";
			};
			name = Debug;
		};
		A790D69B1DCDF35F0060C52B /* Release */ = {
			isa = XCBuildConfiguration;
			buildSettings = {
				ALWAYS_SEARCH_USER_PATHS = NO;
				CLANG_ANALYZER_NONNULL = YES;
				CLANG_CXX_LANGUAGE_STANDARD = "gnu++0x";
				CLANG_CXX_LIBRARY = "libc++";
				CLANG_ENABLE_MODULES = YES;
				CLANG_ENABLE_OBJC_ARC = YES;
				CLANG_WARN_BOOL_CONVERSION = YES;
				CLANG_WARN_CONSTANT_CONVERSION = YES;
				CLANG_WARN_DIRECT_OBJC_ISA_USAGE = YES_ERROR;
				CLANG_WARN_DOCUMENTATION_COMMENTS = YES;
				CLANG_WARN_EMPTY_BODY = YES;
				CLANG_WARN_ENUM_CONVERSION = YES;
				CLANG_WARN_INFINITE_RECURSION = YES;
				CLANG_WARN_INT_CONVERSION = YES;
				CLANG_WARN_OBJC_ROOT_CLASS = YES_ERROR;
				CLANG_WARN_SUSPICIOUS_MOVES = YES;
				CLANG_WARN_UNREACHABLE_CODE = YES;
				CLANG_WARN__DUPLICATE_METHOD_MATCH = YES;
				CODE_SIGN_IDENTITY = "-";
				COPY_PHASE_STRIP = NO;
				DEBUG_INFORMATION_FORMAT = "dwarf-with-dsym";
				ENABLE_NS_ASSERTIONS = NO;
				ENABLE_STRICT_OBJC_MSGSEND = YES;
				GCC_C_LANGUAGE_STANDARD = gnu99;
				GCC_NO_COMMON_BLOCKS = YES;
				GCC_WARN_64_TO_32_BIT_CONVERSION = YES;
				GCC_WARN_ABOUT_RETURN_TYPE = YES_ERROR;
				GCC_WARN_UNDECLARED_SELECTOR = YES;
				GCC_WARN_UNINITIALIZED_AUTOS = YES_AGGRESSIVE;
				GCC_WARN_UNUSED_FUNCTION = YES;
				GCC_WARN_UNUSED_VARIABLE = YES;
				MACOSX_DEPLOYMENT_TARGET = 10.12;
				MTL_ENABLE_DEBUG_INFO = NO;
				SDKROOT = macosx;
			};
			name = Release;
		};
		A7D0D2BF1DD07ECA0088E04A /* Debug */ = {
			isa = XCBuildConfiguration;
			buildSettings = {
				DEVELOPMENT_TEAM = Z7L2YCUH45;
				MACOSX_DEPLOYMENT_TARGET = 10.11;
				PRODUCT_NAME = poet;
				SWIFT_VERSION = 3.0;
			};
			name = Debug;
		};
		A7D0D2C01DD07ECA0088E04A /* Release */ = {
			isa = XCBuildConfiguration;
			buildSettings = {
				DEVELOPMENT_TEAM = Z7L2YCUH45;
				MACOSX_DEPLOYMENT_TARGET = 10.11;
				PRODUCT_NAME = poet;
				SWIFT_VERSION = 3.0;
			};
			name = Release;
		};
/* End XCBuildConfiguration section */

/* Begin XCConfigurationList section */
		A790D6901DCDF35F0060C52B /* Build configuration list for PBXProject "POET" */ = {
			isa = XCConfigurationList;
			buildConfigurations = (
				A790D69A1DCDF35F0060C52B /* Debug */,
				A790D69B1DCDF35F0060C52B /* Release */,
			);
			defaultConfigurationIsVisible = 0;
			defaultConfigurationName = Release;
		};
		A7D0D2BE1DD07ECA0088E04A /* Build configuration list for PBXNativeTarget "Tool" */ = {
			isa = XCConfigurationList;
			buildConfigurations = (
				A7D0D2BF1DD07ECA0088E04A /* Debug */,
				A7D0D2C01DD07ECA0088E04A /* Release */,
			);
			defaultConfigurationIsVisible = 0;
		};
/* End XCConfigurationList section */
	};
	rootObject = A790D68D1DCDF35F0060C52B /* Project object */;
}
