// !$*UTF8*$!
{
	archiveVersion = 1;
	classes = {
	};
	objectVersion = 46;
	objects = {

/* Begin PBXBuildFile section */
		A7D0D2C11DD07EE30088E04A /* main.swift in Sources */ = {isa = PBXBuildFile; fileRef = A7D0D2B01DD07E190088E04A /* main.swift */; };
		A7D0D3221DD1C8B70088E04A /* Translation.swift in Sources */ = {isa = PBXBuildFile; fileRef = A7D0D3211DD1C8B70088E04A /* Translation.swift */; };
		A7D0D3241DD1CFC50088E04A /* Settings.swift in Sources */ = {isa = PBXBuildFile; fileRef = A7D0D3231DD1CFC50088E04A /* Settings.swift */; };
		A7D0D3261DD1E5240088E04A /* Functions.swift in Sources */ = {isa = PBXBuildFile; fileRef = A7D0D3251DD1E5240088E04A /* Functions.swift */; };
		A7F756B41DD2230800B13EDA /* POEditor.swift in Sources */ = {isa = PBXBuildFile; fileRef = A7F756AF1DD2230800B13EDA /* POEditor.swift */; };
		A7F756B51DD2230800B13EDA /* URLRequest+WebService.swift in Sources */ = {isa = PBXBuildFile; fileRef = A7F756B11DD2230800B13EDA /* URLRequest+WebService.swift */; };
		A7F756B61DD2230800B13EDA /* URLSession+WebService.swift in Sources */ = {isa = PBXBuildFile; fileRef = A7F756B21DD2230800B13EDA /* URLSession+WebService.swift */; };
		A7F756B71DD2230800B13EDA /* WebService.swift in Sources */ = {isa = PBXBuildFile; fileRef = A7F756B31DD2230800B13EDA /* WebService.swift */; };
		A7F756B81DD2231600B13EDA /* URLRequest+WebService.swift in Sources */ = {isa = PBXBuildFile; fileRef = A7F756B11DD2230800B13EDA /* URLRequest+WebService.swift */; };
		A7F756B91DD2231600B13EDA /* URLRequest+WebService.swift in Sources */ = {isa = PBXBuildFile; fileRef = A7F756B11DD2230800B13EDA /* URLRequest+WebService.swift */; };
		A7F756BA1DD2231900B13EDA /* URLSession+WebService.swift in Sources */ = {isa = PBXBuildFile; fileRef = A7F756B21DD2230800B13EDA /* URLSession+WebService.swift */; };
		A7F756BB1DD2231900B13EDA /* URLSession+WebService.swift in Sources */ = {isa = PBXBuildFile; fileRef = A7F756B21DD2230800B13EDA /* URLSession+WebService.swift */; };
		A7F756BC1DD2231B00B13EDA /* WebService.swift in Sources */ = {isa = PBXBuildFile; fileRef = A7F756B31DD2230800B13EDA /* WebService.swift */; };
		A7F756BD1DD2231C00B13EDA /* WebService.swift in Sources */ = {isa = PBXBuildFile; fileRef = A7F756B31DD2230800B13EDA /* WebService.swift */; };
/* End PBXBuildFile section */

/* Begin PBXCopyFilesBuildPhase section */
		A7D0D2B81DD07ECA0088E04A /* CopyFiles */ = {
			isa = PBXCopyFilesBuildPhase;
			buildActionMask = 2147483647;
			dstPath = /usr/share/man/man1/;
			dstSubfolderSpec = 0;
			files = (
			);
			runOnlyForDeploymentPostprocessing = 1;
		};
/* End PBXCopyFilesBuildPhase section */

/* Begin PBXFileReference section */
		A7D0D2B01DD07E190088E04A /* main.swift */ = {isa = PBXFileReference; fileEncoding = 4; lastKnownFileType = sourcecode.swift; path = main.swift; sourceTree = "<group>"; };
		A7D0D2BA1DD07ECA0088E04A /* poet */ = {isa = PBXFileReference; explicitFileType = "compiled.mach-o.executable"; includeInIndex = 0; path = poet; sourceTree = BUILT_PRODUCTS_DIR; };
		A7D0D3211DD1C8B70088E04A /* Translation.swift */ = {isa = PBXFileReference; fileEncoding = 4; lastKnownFileType = sourcecode.swift; path = Translation.swift; sourceTree = "<group>"; };
		A7D0D3231DD1CFC50088E04A /* Settings.swift */ = {isa = PBXFileReference; fileEncoding = 4; lastKnownFileType = sourcecode.swift; path = Settings.swift; sourceTree = "<group>"; };
		A7D0D3251DD1E5240088E04A /* Functions.swift */ = {isa = PBXFileReference; fileEncoding = 4; lastKnownFileType = sourcecode.swift; path = Functions.swift; sourceTree = "<group>"; };
		A7F756891DD20ACA00B13EDA /* POEditorAPI.framework */ = {isa = PBXFileReference; explicitFileType = wrapper.framework; includeInIndex = 0; path = POEditorAPI.framework; sourceTree = BUILT_PRODUCTS_DIR; };
		A7F756961DD20AE600B13EDA /* POEditorAPI.framework */ = {isa = PBXFileReference; explicitFileType = wrapper.framework; includeInIndex = 0; path = POEditorAPI.framework; sourceTree = BUILT_PRODUCTS_DIR; };
		A7F756AD1DD2230800B13EDA /* Framework-Info.plist */ = {isa = PBXFileReference; fileEncoding = 4; lastKnownFileType = text.plist.xml; path = "Framework-Info.plist"; sourceTree = "<group>"; };
		A7F756AF1DD2230800B13EDA /* POEditor.swift */ = {isa = PBXFileReference; fileEncoding = 4; lastKnownFileType = sourcecode.swift; path = POEditor.swift; sourceTree = "<group>"; };
		A7F756B01DD2230800B13EDA /* POEditorAPI.h */ = {isa = PBXFileReference; fileEncoding = 4; lastKnownFileType = sourcecode.c.h; path = POEditorAPI.h; sourceTree = "<group>"; };
		A7F756B11DD2230800B13EDA /* URLRequest+WebService.swift */ = {isa = PBXFileReference; fileEncoding = 4; lastKnownFileType = sourcecode.swift; path = "URLRequest+WebService.swift"; sourceTree = "<group>"; };
		A7F756B21DD2230800B13EDA /* URLSession+WebService.swift */ = {isa = PBXFileReference; fileEncoding = 4; lastKnownFileType = sourcecode.swift; path = "URLSession+WebService.swift"; sourceTree = "<group>"; };
		A7F756B31DD2230800B13EDA /* WebService.swift */ = {isa = PBXFileReference; fileEncoding = 4; lastKnownFileType = sourcecode.swift; path = WebService.swift; sourceTree = "<group>"; };
/* End PBXFileReference section */

/* Begin PBXFrameworksBuildPhase section */
		A7D0D2B71DD07ECA0088E04A /* Frameworks */ = {
			isa = PBXFrameworksBuildPhase;
			buildActionMask = 2147483647;
			files = (
			);
			runOnlyForDeploymentPostprocessing = 0;
		};
		A7F756851DD20ACA00B13EDA /* Frameworks */ = {
			isa = PBXFrameworksBuildPhase;
			buildActionMask = 2147483647;
			files = (
			);
			runOnlyForDeploymentPostprocessing = 0;
		};
		A7F756921DD20AE600B13EDA /* Frameworks */ = {
			isa = PBXFrameworksBuildPhase;
			buildActionMask = 2147483647;
			files = (
			);
			runOnlyForDeploymentPostprocessing = 0;
		};
/* End PBXFrameworksBuildPhase section */

/* Begin PBXGroup section */
		A790D68C1DCDF35F0060C52B = {
			isa = PBXGroup;
			children = (
				A7F756AC1DD2230800B13EDA /* Core */,
				A7D0D2AE1DD07E190088E04A /* Tool */,
				A790D6961DCDF35F0060C52B /* Products */,
			);
			sourceTree = "<group>";
		};
		A790D6961DCDF35F0060C52B /* Products */ = {
			isa = PBXGroup;
			children = (
				A7D0D2BA1DD07ECA0088E04A /* poet */,
				A7F756891DD20ACA00B13EDA /* POEditorAPI.framework */,
				A7F756961DD20AE600B13EDA /* POEditorAPI.framework */,
			);
			name = Products;
			sourceTree = "<group>";
		};
		A7D0D2AE1DD07E190088E04A /* Tool */ = {
			isa = PBXGroup;
			children = (
				A7D0D2AF1DD07E190088E04A /* Source */,
			);
			path = Tool;
			sourceTree = "<group>";
		};
		A7D0D2AF1DD07E190088E04A /* Source */ = {
			isa = PBXGroup;
			children = (
				A7D0D2B01DD07E190088E04A /* main.swift */,
				A7D0D3211DD1C8B70088E04A /* Translation.swift */,
				A7D0D3231DD1CFC50088E04A /* Settings.swift */,
				A7D0D3251DD1E5240088E04A /* Functions.swift */,
			);
			path = Source;
			sourceTree = "<group>";
		};
		A7F756AC1DD2230800B13EDA /* Core */ = {
			isa = PBXGroup;
			children = (
				A7F756AD1DD2230800B13EDA /* Framework-Info.plist */,
				A7F756AE1DD2230800B13EDA /* Source */,
			);
			path = Core;
			sourceTree = "<group>";
		};
		A7F756AE1DD2230800B13EDA /* Source */ = {
			isa = PBXGroup;
			children = (
				A7F756AF1DD2230800B13EDA /* POEditor.swift */,
				A7F756B01DD2230800B13EDA /* POEditorAPI.h */,
				A7F756B11DD2230800B13EDA /* URLRequest+WebService.swift */,
				A7F756B21DD2230800B13EDA /* URLSession+WebService.swift */,
				A7F756B31DD2230800B13EDA /* WebService.swift */,
			);
			path = Source;
			sourceTree = "<group>";
		};
/* End PBXGroup section */

/* Begin PBXHeadersBuildPhase section */
		A7F756861DD20ACA00B13EDA /* Headers */ = {
			isa = PBXHeadersBuildPhase;
			buildActionMask = 2147483647;
			files = (
			);
			runOnlyForDeploymentPostprocessing = 0;
		};
		A7F756931DD20AE600B13EDA /* Headers */ = {
			isa = PBXHeadersBuildPhase;
			buildActionMask = 2147483647;
			files = (
			);
			runOnlyForDeploymentPostprocessing = 0;
		};
/* End PBXHeadersBuildPhase section */

/* Begin PBXNativeTarget section */
		A7D0D2B91DD07ECA0088E04A /* Tool */ = {
			isa = PBXNativeTarget;
			buildConfigurationList = A7D0D2BE1DD07ECA0088E04A /* Build configuration list for PBXNativeTarget "Tool" */;
			buildPhases = (
				A7D0D2B61DD07ECA0088E04A /* Sources */,
				A7D0D2B71DD07ECA0088E04A /* Frameworks */,
				A7D0D2B81DD07ECA0088E04A /* CopyFiles */,
			);
			buildRules = (
			);
			dependencies = (
			);
			name = Tool;
			productName = Tool;
			productReference = A7D0D2BA1DD07ECA0088E04A /* poet */;
			productType = "com.apple.product-type.tool";
		};
		A7F756881DD20ACA00B13EDA /* POEditorAPI (macOS) */ = {
			isa = PBXNativeTarget;
			buildConfigurationList = A7F756901DD20ACA00B13EDA /* Build configuration list for PBXNativeTarget "POEditorAPI (macOS)" */;
			buildPhases = (
				A7F756841DD20ACA00B13EDA /* Sources */,
				A7F756851DD20ACA00B13EDA /* Frameworks */,
				A7F756861DD20ACA00B13EDA /* Headers */,
				A7F756871DD20ACA00B13EDA /* Resources */,
			);
			buildRules = (
			);
			dependencies = (
			);
			name = "POEditorAPI (macOS)";
			productName = POEditor;
			productReference = A7F756891DD20ACA00B13EDA /* POEditorAPI.framework */;
			productType = "com.apple.product-type.framework";
		};
		A7F756951DD20AE600B13EDA /* POEditorAPI (iOS) */ = {
			isa = PBXNativeTarget;
			buildConfigurationList = A7F7569B1DD20AE600B13EDA /* Build configuration list for PBXNativeTarget "POEditorAPI (iOS)" */;
			buildPhases = (
				A7F756911DD20AE600B13EDA /* Sources */,
				A7F756921DD20AE600B13EDA /* Frameworks */,
				A7F756931DD20AE600B13EDA /* Headers */,
				A7F756941DD20AE600B13EDA /* Resources */,
			);
			buildRules = (
			);
			dependencies = (
			);
			name = "POEditorAPI (iOS)";
			productName = "POEditor (iOS)";
			productReference = A7F756961DD20AE600B13EDA /* POEditorAPI.framework */;
			productType = "com.apple.product-type.framework";
		};
/* End PBXNativeTarget section */

/* Begin PBXProject section */
		A790D68D1DCDF35F0060C52B /* Project object */ = {
			isa = PBXProject;
			attributes = {
				LastSwiftUpdateCheck = 0810;
				LastUpgradeCheck = 0910;
				ORGANIZATIONNAME = Cocoanetics;
				TargetAttributes = {
					A7D0D2B91DD07ECA0088E04A = {
						CreatedOnToolsVersion = 8.1;
						DevelopmentTeam = Z7L2YCUH45;
						LastSwiftMigration = 0910;
						ProvisioningStyle = Automatic;
					};
					A7F756881DD20ACA00B13EDA = {
						CreatedOnToolsVersion = 8.1;
						DevelopmentTeam = Z7L2YCUH45;
						ProvisioningStyle = Automatic;
					};
					A7F756951DD20AE600B13EDA = {
						CreatedOnToolsVersion = 8.1;
						DevelopmentTeam = Z7L2YCUH45;
						ProvisioningStyle = Automatic;
					};
				};
			};
			buildConfigurationList = A790D6901DCDF35F0060C52B /* Build configuration list for PBXProject "POEditor" */;
			compatibilityVersion = "Xcode 3.2";
			developmentRegion = English;
			hasScannedForEncodings = 0;
			knownRegions = (
				en,
			);
			mainGroup = A790D68C1DCDF35F0060C52B;
			productRefGroup = A790D6961DCDF35F0060C52B /* Products */;
			projectDirPath = "";
			projectRoot = "";
			targets = (
				A7D0D2B91DD07ECA0088E04A /* Tool */,
				A7F756881DD20ACA00B13EDA /* POEditorAPI (macOS) */,
				A7F756951DD20AE600B13EDA /* POEditorAPI (iOS) */,
			);
		};
/* End PBXProject section */

/* Begin PBXResourcesBuildPhase section */
		A7F756871DD20ACA00B13EDA /* Resources */ = {
			isa = PBXResourcesBuildPhase;
			buildActionMask = 2147483647;
			files = (
			);
			runOnlyForDeploymentPostprocessing = 0;
		};
		A7F756941DD20AE600B13EDA /* Resources */ = {
			isa = PBXResourcesBuildPhase;
			buildActionMask = 2147483647;
			files = (
			);
			runOnlyForDeploymentPostprocessing = 0;
		};
/* End PBXResourcesBuildPhase section */

/* Begin PBXSourcesBuildPhase section */
		A7D0D2B61DD07ECA0088E04A /* Sources */ = {
			isa = PBXSourcesBuildPhase;
			buildActionMask = 2147483647;
			files = (
				A7D0D3261DD1E5240088E04A /* Functions.swift in Sources */,
				A7F756B61DD2230800B13EDA /* URLSession+WebService.swift in Sources */,
				A7F756B71DD2230800B13EDA /* WebService.swift in Sources */,
				A7D0D2C11DD07EE30088E04A /* main.swift in Sources */,
				A7F756B51DD2230800B13EDA /* URLRequest+WebService.swift in Sources */,
				A7D0D3241DD1CFC50088E04A /* Settings.swift in Sources */,
				A7D0D3221DD1C8B70088E04A /* Translation.swift in Sources */,
				A7F756B41DD2230800B13EDA /* POEditor.swift in Sources */,
			);
			runOnlyForDeploymentPostprocessing = 0;
		};
		A7F756841DD20ACA00B13EDA /* Sources */ = {
			isa = PBXSourcesBuildPhase;
			buildActionMask = 2147483647;
			files = (
				A7F756BD1DD2231C00B13EDA /* WebService.swift in Sources */,
				A7F756B81DD2231600B13EDA /* URLRequest+WebService.swift in Sources */,
				A7F756BB1DD2231900B13EDA /* URLSession+WebService.swift in Sources */,
			);
			runOnlyForDeploymentPostprocessing = 0;
		};
		A7F756911DD20AE600B13EDA /* Sources */ = {
			isa = PBXSourcesBuildPhase;
			buildActionMask = 2147483647;
			files = (
				A7F756BC1DD2231B00B13EDA /* WebService.swift in Sources */,
				A7F756B91DD2231600B13EDA /* URLRequest+WebService.swift in Sources */,
				A7F756BA1DD2231900B13EDA /* URLSession+WebService.swift in Sources */,
			);
			runOnlyForDeploymentPostprocessing = 0;
		};
/* End PBXSourcesBuildPhase section */

/* Begin XCBuildConfiguration section */
		A790D69A1DCDF35F0060C52B /* Debug */ = {
			isa = XCBuildConfiguration;
			buildSettings = {
				ALWAYS_SEARCH_USER_PATHS = NO;
				CLANG_ANALYZER_NONNULL = YES;
				CLANG_CXX_LANGUAGE_STANDARD = "gnu++0x";
				CLANG_CXX_LIBRARY = "libc++";
				CLANG_ENABLE_MODULES = YES;
				CLANG_ENABLE_OBJC_ARC = YES;
				CLANG_WARN_BLOCK_CAPTURE_AUTORELEASING = YES;
				CLANG_WARN_BOOL_CONVERSION = YES;
				CLANG_WARN_COMMA = YES;
				CLANG_WARN_CONSTANT_CONVERSION = YES;
				CLANG_WARN_DIRECT_OBJC_ISA_USAGE = YES_ERROR;
				CLANG_WARN_DOCUMENTATION_COMMENTS = YES;
				CLANG_WARN_EMPTY_BODY = YES;
				CLANG_WARN_ENUM_CONVERSION = YES;
				CLANG_WARN_INFINITE_RECURSION = YES;
				CLANG_WARN_INT_CONVERSION = YES;
				CLANG_WARN_NON_LITERAL_NULL_CONVERSION = YES;
				CLANG_WARN_OBJC_LITERAL_CONVERSION = YES;
				CLANG_WARN_OBJC_ROOT_CLASS = YES_ERROR;
				CLANG_WARN_RANGE_LOOP_ANALYSIS = YES;
				CLANG_WARN_STRICT_PROTOTYPES = YES;
				CLANG_WARN_SUSPICIOUS_MOVE = YES;
				CLANG_WARN_SUSPICIOUS_MOVES = YES;
				CLANG_WARN_UNREACHABLE_CODE = YES;
				CLANG_WARN__DUPLICATE_METHOD_MATCH = YES;
				CODE_SIGN_IDENTITY = "-";
				COPY_PHASE_STRIP = NO;
				DEBUG_INFORMATION_FORMAT = dwarf;
				ENABLE_STRICT_OBJC_MSGSEND = YES;
				ENABLE_TESTABILITY = YES;
				GCC_C_LANGUAGE_STANDARD = gnu99;
				GCC_DYNAMIC_NO_PIC = NO;
				GCC_NO_COMMON_BLOCKS = YES;
				GCC_OPTIMIZATION_LEVEL = 0;
				GCC_PREPROCESSOR_DEFINITIONS = (
					"DEBUG=1",
					"$(inherited)",
				);
				GCC_WARN_64_TO_32_BIT_CONVERSION = YES;
				GCC_WARN_ABOUT_RETURN_TYPE = YES_ERROR;
				GCC_WARN_UNDECLARED_SELECTOR = YES;
				GCC_WARN_UNINITIALIZED_AUTOS = YES_AGGRESSIVE;
				GCC_WARN_UNUSED_FUNCTION = YES;
				GCC_WARN_UNUSED_VARIABLE = YES;
				MACOSX_DEPLOYMENT_TARGET = 10.12;
				MTL_ENABLE_DEBUG_INFO = YES;
				ONLY_ACTIVE_ARCH = YES;
				SDKROOT = macosx;
				SWIFT_OPTIMIZATION_LEVEL = "-Onone";
			};
			name = Debug;
		};
		A790D69B1DCDF35F0060C52B /* Release */ = {
			isa = XCBuildConfiguration;
			buildSettings = {
				ALWAYS_SEARCH_USER_PATHS = NO;
				CLANG_ANALYZER_NONNULL = YES;
				CLANG_CXX_LANGUAGE_STANDARD = "gnu++0x";
				CLANG_CXX_LIBRARY = "libc++";
				CLANG_ENABLE_MODULES = YES;
				CLANG_ENABLE_OBJC_ARC = YES;
				CLANG_WARN_BLOCK_CAPTURE_AUTORELEASING = YES;
				CLANG_WARN_BOOL_CONVERSION = YES;
				CLANG_WARN_COMMA = YES;
				CLANG_WARN_CONSTANT_CONVERSION = YES;
				CLANG_WARN_DIRECT_OBJC_ISA_USAGE = YES_ERROR;
				CLANG_WARN_DOCUMENTATION_COMMENTS = YES;
				CLANG_WARN_EMPTY_BODY = YES;
				CLANG_WARN_ENUM_CONVERSION = YES;
				CLANG_WARN_INFINITE_RECURSION = YES;
				CLANG_WARN_INT_CONVERSION = YES;
				CLANG_WARN_NON_LITERAL_NULL_CONVERSION = YES;
				CLANG_WARN_OBJC_LITERAL_CONVERSION = YES;
				CLANG_WARN_OBJC_ROOT_CLASS = YES_ERROR;
				CLANG_WARN_RANGE_LOOP_ANALYSIS = YES;
				CLANG_WARN_STRICT_PROTOTYPES = YES;
				CLANG_WARN_SUSPICIOUS_MOVE = YES;
				CLANG_WARN_SUSPICIOUS_MOVES = YES;
				CLANG_WARN_UNREACHABLE_CODE = YES;
				CLANG_WARN__DUPLICATE_METHOD_MATCH = YES;
				CODE_SIGN_IDENTITY = "-";
				COPY_PHASE_STRIP = NO;
				DEBUG_INFORMATION_FORMAT = "dwarf-with-dsym";
				ENABLE_NS_ASSERTIONS = NO;
				ENABLE_STRICT_OBJC_MSGSEND = YES;
				GCC_C_LANGUAGE_STANDARD = gnu99;
				GCC_NO_COMMON_BLOCKS = YES;
				GCC_WARN_64_TO_32_BIT_CONVERSION = YES;
				GCC_WARN_ABOUT_RETURN_TYPE = YES_ERROR;
				GCC_WARN_UNDECLARED_SELECTOR = YES;
				GCC_WARN_UNINITIALIZED_AUTOS = YES_AGGRESSIVE;
				GCC_WARN_UNUSED_FUNCTION = YES;
				GCC_WARN_UNUSED_VARIABLE = YES;
				MACOSX_DEPLOYMENT_TARGET = 10.12;
				MTL_ENABLE_DEBUG_INFO = NO;
				SDKROOT = macosx;
				SWIFT_OPTIMIZATION_LEVEL = "-Owholemodule";
			};
			name = Release;
		};
		A7D0D2BF1DD07ECA0088E04A /* Debug */ = {
			isa = XCBuildConfiguration;
			buildSettings = {
				DEVELOPMENT_TEAM = Z7L2YCUH45;
				MACOSX_DEPLOYMENT_TARGET = 10.11;
				PRODUCT_NAME = poet;
				SWIFT_VERSION = 4.0;
			};
			name = Debug;
		};
		A7D0D2C01DD07ECA0088E04A /* Release */ = {
			isa = XCBuildConfiguration;
			buildSettings = {
				DEVELOPMENT_TEAM = Z7L2YCUH45;
				MACOSX_DEPLOYMENT_TARGET = 10.11;
				PRODUCT_NAME = poet;
				SWIFT_VERSION = 4.0;
			};
			name = Release;
		};
		A7F7568E1DD20ACA00B13EDA /* Debug */ = {
			isa = XCBuildConfiguration;
			buildSettings = {
				CODE_SIGN_IDENTITY = "";
				COMBINE_HIDPI_IMAGES = YES;
				CURRENT_PROJECT_VERSION = 1;
				DEFINES_MODULE = YES;
				DEVELOPMENT_TEAM = Z7L2YCUH45;
				DYLIB_COMPATIBILITY_VERSION = 1;
				DYLIB_CURRENT_VERSION = 1;
				DYLIB_INSTALL_NAME_BASE = "@rpath";
				FRAMEWORK_VERSION = A;
				INFOPLIST_FILE = "$(SRCROOT)/Core/Framework-Info.plist";
				INSTALL_PATH = "$(LOCAL_LIBRARY_DIR)/Frameworks";
				LD_RUNPATH_SEARCH_PATHS = "$(inherited) @executable_path/../Frameworks @loader_path/Frameworks";
				MACOSX_DEPLOYMENT_TARGET = 10.11;
				PRODUCT_BUNDLE_IDENTIFIER = com.cocoanetics.POEditorAPI;
				PRODUCT_NAME = POEditorAPI;
				SKIP_INSTALL = YES;
				SWIFT_ACTIVE_COMPILATION_CONDITIONS = DEBUG;
				SWIFT_VERSION = 3.0;
				VERSIONING_SYSTEM = "apple-generic";
				VERSION_INFO_PREFIX = "";
			};
			name = Debug;
		};
		A7F7568F1DD20ACA00B13EDA /* Release */ = {
			isa = XCBuildConfiguration;
			buildSettings = {
				CODE_SIGN_IDENTITY = "";
				COMBINE_HIDPI_IMAGES = YES;
				CURRENT_PROJECT_VERSION = 1;
				DEFINES_MODULE = YES;
				DEVELOPMENT_TEAM = Z7L2YCUH45;
				DYLIB_COMPATIBILITY_VERSION = 1;
				DYLIB_CURRENT_VERSION = 1;
				DYLIB_INSTALL_NAME_BASE = "@rpath";
				FRAMEWORK_VERSION = A;
				INFOPLIST_FILE = "$(SRCROOT)/Core/Framework-Info.plist";
				INSTALL_PATH = "$(LOCAL_LIBRARY_DIR)/Frameworks";
				LD_RUNPATH_SEARCH_PATHS = "$(inherited) @executable_path/../Frameworks @loader_path/Frameworks";
				MACOSX_DEPLOYMENT_TARGET = 10.11;
				PRODUCT_BUNDLE_IDENTIFIER = com.cocoanetics.POEditorAPI;
				PRODUCT_NAME = POEditorAPI;
				SKIP_INSTALL = YES;
				SWIFT_OPTIMIZATION_LEVEL = "-Owholemodule";
				SWIFT_VERSION = 3.0;
				VERSIONING_SYSTEM = "apple-generic";
				VERSION_INFO_PREFIX = "";
			};
			name = Release;
		};
		A7F7569C1DD20AE600B13EDA /* Debug */ = {
			isa = XCBuildConfiguration;
			buildSettings = {
				CODE_SIGN_IDENTITY = "";
				"CODE_SIGN_IDENTITY[sdk=iphoneos*]" = "";
				CURRENT_PROJECT_VERSION = 1;
				DEFINES_MODULE = YES;
				DEVELOPMENT_TEAM = Z7L2YCUH45;
				DYLIB_COMPATIBILITY_VERSION = 1;
				DYLIB_CURRENT_VERSION = 1;
				DYLIB_INSTALL_NAME_BASE = "@rpath";
				INFOPLIST_FILE = "$(SRCROOT)/Core/Framework-Info.plist";
				INSTALL_PATH = "$(LOCAL_LIBRARY_DIR)/Frameworks";
				IPHONEOS_DEPLOYMENT_TARGET = 10.1;
				LD_RUNPATH_SEARCH_PATHS = "$(inherited) @executable_path/Frameworks @loader_path/Frameworks";
				PRODUCT_BUNDLE_IDENTIFIER = com.cocoanetics.POEditorAPI;
				PRODUCT_NAME = POEditorAPI;
				SDKROOT = iphoneos;
				SKIP_INSTALL = YES;
				SWIFT_ACTIVE_COMPILATION_CONDITIONS = DEBUG;
				SWIFT_VERSION = 3.0;
				TARGETED_DEVICE_FAMILY = "1,2";
				VERSIONING_SYSTEM = "apple-generic";
				VERSION_INFO_PREFIX = "";
			};
			name = Debug;
		};
		A7F7569D1DD20AE600B13EDA /* Release */ = {
			isa = XCBuildConfiguration;
			buildSettings = {
				CODE_SIGN_IDENTITY = "";
				"CODE_SIGN_IDENTITY[sdk=iphoneos*]" = "";
				CURRENT_PROJECT_VERSION = 1;
				DEFINES_MODULE = YES;
				DEVELOPMENT_TEAM = Z7L2YCUH45;
				DYLIB_COMPATIBILITY_VERSION = 1;
				DYLIB_CURRENT_VERSION = 1;
				DYLIB_INSTALL_NAME_BASE = "@rpath";
				INFOPLIST_FILE = "$(SRCROOT)/Core/Framework-Info.plist";
				INSTALL_PATH = "$(LOCAL_LIBRARY_DIR)/Frameworks";
				IPHONEOS_DEPLOYMENT_TARGET = 10.1;
				LD_RUNPATH_SEARCH_PATHS = "$(inherited) @executable_path/Frameworks @loader_path/Frameworks";
				PRODUCT_BUNDLE_IDENTIFIER = com.cocoanetics.POEditorAPI;
				PRODUCT_NAME = POEditorAPI;
				SDKROOT = iphoneos;
				SKIP_INSTALL = YES;
				SWIFT_OPTIMIZATION_LEVEL = "-Owholemodule";
				SWIFT_VERSION = 3.0;
				TARGETED_DEVICE_FAMILY = "1,2";
				VALIDATE_PRODUCT = YES;
				VERSIONING_SYSTEM = "apple-generic";
				VERSION_INFO_PREFIX = "";
			};
			name = Release;
		};
/* End XCBuildConfiguration section */

/* Begin XCConfigurationList section */
		A790D6901DCDF35F0060C52B /* Build configuration list for PBXProject "POEditor" */ = {
			isa = XCConfigurationList;
			buildConfigurations = (
				A790D69A1DCDF35F0060C52B /* Debug */,
				A790D69B1DCDF35F0060C52B /* Release */,
			);
			defaultConfigurationIsVisible = 0;
			defaultConfigurationName = Release;
		};
		A7D0D2BE1DD07ECA0088E04A /* Build configuration list for PBXNativeTarget "Tool" */ = {
			isa = XCConfigurationList;
			buildConfigurations = (
				A7D0D2BF1DD07ECA0088E04A /* Debug */,
				A7D0D2C01DD07ECA0088E04A /* Release */,
			);
			defaultConfigurationIsVisible = 0;
			defaultConfigurationName = Release;
		};
		A7F756901DD20ACA00B13EDA /* Build configuration list for PBXNativeTarget "POEditorAPI (macOS)" */ = {
			isa = XCConfigurationList;
			buildConfigurations = (
				A7F7568E1DD20ACA00B13EDA /* Debug */,
				A7F7568F1DD20ACA00B13EDA /* Release */,
			);
			defaultConfigurationIsVisible = 0;
			defaultConfigurationName = Release;
		};
		A7F7569B1DD20AE600B13EDA /* Build configuration list for PBXNativeTarget "POEditorAPI (iOS)" */ = {
			isa = XCConfigurationList;
			buildConfigurations = (
				A7F7569C1DD20AE600B13EDA /* Debug */,
				A7F7569D1DD20AE600B13EDA /* Release */,
			);
			defaultConfigurationIsVisible = 0;
			defaultConfigurationName = Release;
		};
/* End XCConfigurationList section */
	};
	rootObject = A790D68D1DCDF35F0060C52B /* Project object */;
}
